
Microsoft Visual Studio Solution File, Format Version 12.00
# Visual Studio Version 16
VisualStudioVersion = 16.0.30717.126
MinimumVisualStudioVersion = 10.0.40219.1
Project("{FAE04EC0-301F-11D3-BF4B-00C04F79EFBC}") = "AssocSportiveDAL", "..\DAL\AssocSportiveDAL.csproj", "{5562D3FE-15B6-41EF-952F-9382A619E4B4}"
EndProject
Project("{FAE04EC0-301F-11D3-BF4B-00C04F79EFBC}") = "AssocSportiveBO", "..\BO\AssocSportiveBO.csproj", "{BCE6AC2C-ABD8-45B1-BD2D-A9FD0E913A96}"
EndProject
Project("{FAE04EC0-301F-11D3-BF4B-00C04F79EFBC}") = "AssocSportiveBLL", "..\BLL\AssocSportiveBLL.csproj", "{7F867D7E-1645-43D5-BAE5-4D6E33F46B3F}"
EndProject
Project("{FAE04EC0-301F-11D3-BF4B-00C04F79EFBC}") = "AssocSportiveGUI", "..\AssocSportiveGUI\AssocSportiveGUI.csproj", "{2BD77004-F956-4F3A-989C-F9CA4AE4D9E7}"
EndProject
Global
	GlobalSection(SolutionConfigurationPlatforms) = preSolution
		Debug|Any CPU = Debug|Any CPU
		Release|Any CPU = Release|Any CPU
	EndGlobalSection
	GlobalSection(ProjectConfigurationPlatforms) = postSolution
		{5562D3FE-15B6-41EF-952F-9382A619E4B4}.Debug|Any CPU.ActiveCfg = Debug|Any CPU
		{5562D3FE-15B6-41EF-952F-9382A619E4B4}.Debug|Any CPU.Build.0 = Debug|Any CPU
		{5562D3FE-15B6-41EF-952F-9382A619E4B4}.Release|Any CPU.ActiveCfg = Release|Any CPU
		{5562D3FE-15B6-41EF-952F-9382A619E4B4}.Release|Any CPU.Build.0 = Release|Any CPU
		{BCE6AC2C-ABD8-45B1-BD2D-A9FD0E913A96}.Debug|Any CPU.ActiveCfg = Debug|Any CPU
		{BCE6AC2C-ABD8-45B1-BD2D-A9FD0E913A96}.Debug|Any CPU.Build.0 = Debug|Any CPU
		{BCE6AC2C-ABD8-45B1-BD2D-A9FD0E913A96}.Release|Any CPU.ActiveCfg = Release|Any CPU
		{BCE6AC2C-ABD8-45B1-BD2D-A9FD0E913A96}.Release|Any CPU.Build.0 = Release|Any CPU
		{7F867D7E-1645-43D5-BAE5-4D6E33F46B3F}.Debug|Any CPU.ActiveCfg = Debug|Any CPU
		{7F867D7E-1645-43D5-BAE5-4D6E33F46B3F}.Debug|Any CPU.Build.0 = Debug|Any CPU
		{7F867D7E-1645-43D5-BAE5-4D6E33F46B3F}.Release|Any CPU.ActiveCfg = Release|Any CPU
		{7F867D7E-1645-43D5-BAE5-4D6E33F46B3F}.Release|Any CPU.Build.0 = Release|Any CPU
		{2BD77004-F956-4F3A-989C-F9CA4AE4D9E7}.Debug|Any CPU.ActiveCfg = Debug|Any CPU
		{2BD77004-F956-4F3A-989C-F9CA4AE4D9E7}.Debug|Any CPU.Build.0 = Debug|Any CPU
		{2BD77004-F956-4F3A-989C-F9CA4AE4D9E7}.Release|Any CPU.ActiveCfg = Release|Any CPU
		{2BD77004-F956-4F3A-989C-F9CA4AE4D9E7}.Release|Any CPU.Build.0 = Release|Any CPU
	EndGlobalSection
	GlobalSection(SolutionProperties) = preSolution
		HideSolutionNode = FALSE
	EndGlobalSection
	GlobalSection(ExtensibilityGlobals) = postSolution
		SolutionGuid = {6FF08A78-5409-4E77-A9D0-5F28AB85E829}
	EndGlobalSection
EndGlobal
